
Microsoft Visual Studio Solution File, Format Version 12.00
# Visual Studio Version 17
VisualStudioVersion = 17.6.33829.357
MinimumVisualStudioVersion = 10.0.40219.1
Project("{8BC9CEB8-8B4A-11D0-8D11-00A0C91BC942}") = "dynamic_lib_hierarchy", "dynamic_lib_hierarchy\dynamic_lib_hierarchy.vcxproj", "{17361780-D93B-4409-8660-45457735F15B}"
EndProject
Project("{8BC9CEB8-8B4A-11D0-8D11-00A0C91BC942}") = "client", "client\client.vcxproj", "{BC26BB6E-F701-4E8F-906B-3C983930EA2F}"
EndProject
Global
	GlobalSection(SolutionConfigurationPlatforms) = preSolution
		Debug|ARM64 = Debug|ARM64
		Debug|x64 = Debug|x64
		Debug|x86 = Debug|x86
		Release|ARM64 = Release|ARM64
		Release|x64 = Release|x64
		Release|x86 = Release|x86
	EndGlobalSection
	GlobalSection(ProjectConfigurationPlatforms) = postSolution
		{17361780-D93B-4409-8660-45457735F15B}.Debug|ARM64.ActiveCfg = Debug|ARM64
		{17361780-D93B-4409-8660-45457735F15B}.Debug|ARM64.Build.0 = Debug|ARM64
		{17361780-D93B-4409-8660-45457735F15B}.Debug|x64.ActiveCfg = Debug|x64
		{17361780-D93B-4409-8660-45457735F15B}.Debug|x64.Build.0 = Debug|x64
		{17361780-D93B-4409-8660-45457735F15B}.Debug|x86.ActiveCfg = Debug|Win32
		{17361780-D93B-4409-8660-45457735F15B}.Debug|x86.Build.0 = Debug|Win32
		{17361780-D93B-4409-8660-45457735F15B}.Release|ARM64.ActiveCfg = Release|ARM64
		{17361780-D93B-4409-8660-45457735F15B}.Release|ARM64.Build.0 = Release|ARM64
		{17361780-D93B-4409-8660-45457735F15B}.Release|x64.ActiveCfg = Release|x64
		{17361780-D93B-4409-8660-45457735F15B}.Release|x64.Build.0 = Release|x64
		{17361780-D93B-4409-8660-45457735F15B}.Release|x86.ActiveCfg = Release|Win32
		{17361780-D93B-4409-8660-45457735F15B}.Release|x86.Build.0 = Release|Win32
		{BC26BB6E-F701-4E8F-906B-3C983930EA2F}.Debug|ARM64.ActiveCfg = Debug|ARM64
		{BC26BB6E-F701-4E8F-906B-3C983930EA2F}.Debug|ARM64.Build.0 = Debug|ARM64
		{BC26BB6E-F701-4E8F-906B-3C983930EA2F}.Debug|x64.ActiveCfg = Debug|x64
		{BC26BB6E-F701-4E8F-906B-3C983930EA2F}.Debug|x64.Build.0 = Debug|x64
		{BC26BB6E-F701-4E8F-906B-3C983930EA2F}.Debug|x86.ActiveCfg = Debug|Win32
		{BC26BB6E-F701-4E8F-906B-3C983930EA2F}.Debug|x86.Build.0 = Debug|Win32
		{BC26BB6E-F701-4E8F-906B-3C983930EA2F}.Release|ARM64.ActiveCfg = Release|ARM64
		{BC26BB6E-F701-4E8F-906B-3C983930EA2F}.Release|ARM64.Build.0 = Release|ARM64
		{BC26BB6E-F701-4E8F-906B-3C983930EA2F}.Release|x64.ActiveCfg = Release|x64
		{BC26BB6E-F701-4E8F-906B-3C983930EA2F}.Release|x64.Build.0 = Release|x64
		{BC26BB6E-F701-4E8F-906B-3C983930EA2F}.Release|x86.ActiveCfg = Release|Win32
		{BC26BB6E-F701-4E8F-906B-3C983930EA2F}.Release|x86.Build.0 = Release|Win32
	EndGlobalSection
	GlobalSection(SolutionProperties) = preSolution
		HideSolutionNode = FALSE
	EndGlobalSection
	GlobalSection(ExtensibilityGlobals) = postSolution
		SolutionGuid = {A3DD8749-C77D-456A-A6C1-C8B324BA89D5}
	EndGlobalSection
EndGlobal
